
Microsoft Visual Studio Solution File, Format Version 12.00
# Visual Studio Version 16
VisualStudioVersion = 16.0.30114.105
MinimumVisualStudioVersion = 10.0.40219.1
Project("{FAE04EC0-301F-11D3-BF4B-00C04F79EFBC}") = "GameTop", "GameTop\GameTop.csproj", "{48B5DEA3-64A1-4857-8B8D-78CE892164DD}"
EndProject
Project("{FAE04EC0-301F-11D3-BF4B-00C04F79EFBC}") = "GameTop.lib", "GameTop.lib\GameTop.lib.csproj", "{F2DDF7F9-934F-4D09-9739-B3344A04F499}"
EndProject
Project("{FAE04EC0-301F-11D3-BF4B-00C04F79EFBC}") = "GameTop.Interface", "GameTop.Interface\GameTop.Interface.csproj", "{3C21491E-E5A5-4FDF-80B3-4392531D0601}"
EndProject
Global
	GlobalSection(SolutionConfigurationPlatforms) = preSolution
		Debug|Any CPU = Debug|Any CPU
		Debug|x64 = Debug|x64
		Debug|x86 = Debug|x86
		Release|Any CPU = Release|Any CPU
		Release|x64 = Release|x64
		Release|x86 = Release|x86
	EndGlobalSection
	GlobalSection(SolutionProperties) = preSolution
		HideSolutionNode = FALSE
	EndGlobalSection
	GlobalSection(ProjectConfigurationPlatforms) = postSolution
		{48B5DEA3-64A1-4857-8B8D-78CE892164DD}.Debug|Any CPU.ActiveCfg = Debug|Any CPU
		{48B5DEA3-64A1-4857-8B8D-78CE892164DD}.Debug|Any CPU.Build.0 = Debug|Any CPU
		{48B5DEA3-64A1-4857-8B8D-78CE892164DD}.Debug|x64.ActiveCfg = Debug|Any CPU
		{48B5DEA3-64A1-4857-8B8D-78CE892164DD}.Debug|x64.Build.0 = Debug|Any CPU
		{48B5DEA3-64A1-4857-8B8D-78CE892164DD}.Debug|x86.ActiveCfg = Debug|Any CPU
		{48B5DEA3-64A1-4857-8B8D-78CE892164DD}.Debug|x86.Build.0 = Debug|Any CPU
		{48B5DEA3-64A1-4857-8B8D-78CE892164DD}.Release|Any CPU.ActiveCfg = Release|Any CPU
		{48B5DEA3-64A1-4857-8B8D-78CE892164DD}.Release|Any CPU.Build.0 = Release|Any CPU
		{48B5DEA3-64A1-4857-8B8D-78CE892164DD}.Release|x64.ActiveCfg = Release|Any CPU
		{48B5DEA3-64A1-4857-8B8D-78CE892164DD}.Release|x64.Build.0 = Release|Any CPU
		{48B5DEA3-64A1-4857-8B8D-78CE892164DD}.Release|x86.ActiveCfg = Release|Any CPU
		{48B5DEA3-64A1-4857-8B8D-78CE892164DD}.Release|x86.Build.0 = Release|Any CPU
		{F2DDF7F9-934F-4D09-9739-B3344A04F499}.Debug|Any CPU.ActiveCfg = Debug|Any CPU
		{F2DDF7F9-934F-4D09-9739-B3344A04F499}.Debug|Any CPU.Build.0 = Debug|Any CPU
		{F2DDF7F9-934F-4D09-9739-B3344A04F499}.Debug|x64.ActiveCfg = Debug|Any CPU
		{F2DDF7F9-934F-4D09-9739-B3344A04F499}.Debug|x64.Build.0 = Debug|Any CPU
		{F2DDF7F9-934F-4D09-9739-B3344A04F499}.Debug|x86.ActiveCfg = Debug|Any CPU
		{F2DDF7F9-934F-4D09-9739-B3344A04F499}.Debug|x86.Build.0 = Debug|Any CPU
		{F2DDF7F9-934F-4D09-9739-B3344A04F499}.Release|Any CPU.ActiveCfg = Release|Any CPU
		{F2DDF7F9-934F-4D09-9739-B3344A04F499}.Release|Any CPU.Build.0 = Release|Any CPU
		{F2DDF7F9-934F-4D09-9739-B3344A04F499}.Release|x64.ActiveCfg = Release|Any CPU
		{F2DDF7F9-934F-4D09-9739-B3344A04F499}.Release|x64.Build.0 = Release|Any CPU
		{F2DDF7F9-934F-4D09-9739-B3344A04F499}.Release|x86.ActiveCfg = Release|Any CPU
		{F2DDF7F9-934F-4D09-9739-B3344A04F499}.Release|x86.Build.0 = Release|Any CPU
		{3C21491E-E5A5-4FDF-80B3-4392531D0601}.Debug|Any CPU.ActiveCfg = Debug|Any CPU
		{3C21491E-E5A5-4FDF-80B3-4392531D0601}.Debug|Any CPU.Build.0 = Debug|Any CPU
		{3C21491E-E5A5-4FDF-80B3-4392531D0601}.Debug|x64.ActiveCfg = Debug|Any CPU
		{3C21491E-E5A5-4FDF-80B3-4392531D0601}.Debug|x64.Build.0 = Debug|Any CPU
		{3C21491E-E5A5-4FDF-80B3-4392531D0601}.Debug|x86.ActiveCfg = Debug|Any CPU
		{3C21491E-E5A5-4FDF-80B3-4392531D0601}.Debug|x86.Build.0 = Debug|Any CPU
		{3C21491E-E5A5-4FDF-80B3-4392531D0601}.Release|Any CPU.ActiveCfg = Release|Any CPU
		{3C21491E-E5A5-4FDF-80B3-4392531D0601}.Release|Any CPU.Build.0 = Release|Any CPU
		{3C21491E-E5A5-4FDF-80B3-4392531D0601}.Release|x64.ActiveCfg = Release|Any CPU
		{3C21491E-E5A5-4FDF-80B3-4392531D0601}.Release|x64.Build.0 = Release|Any CPU
		{3C21491E-E5A5-4FDF-80B3-4392531D0601}.Release|x86.ActiveCfg = Release|Any CPU
		{3C21491E-E5A5-4FDF-80B3-4392531D0601}.Release|x86.Build.0 = Release|Any CPU
	EndGlobalSection
EndGlobal
